
Microsoft Visual Studio Solution File, Format Version 12.00
# Visual Studio Version 16
VisualStudioVersion = 16.0.30114.105
MinimumVisualStudioVersion = 10.0.40219.1
Project("{FAE04EC0-301F-11D3-BF4B-00C04F79EFBC}") = "Workshop4", "Workshop4.csproj", "{DF5EA045-7536-4E14-A727-2D074D365624}"
EndProject
Global
	GlobalSection(SolutionConfigurationPlatforms) = preSolution
		Debug|Any CPU = Debug|Any CPU
		Release|Any CPU = Release|Any CPU
	EndGlobalSection
	GlobalSection(ProjectConfigurationPlatforms) = postSolution
		{DF5EA045-7536-4E14-A727-2D074D365624}.Debug|Any CPU.ActiveCfg = Debug|Any CPU
		{DF5EA045-7536-4E14-A727-2D074D365624}.Debug|Any CPU.Build.0 = Debug|Any CPU
		{DF5EA045-7536-4E14-A727-2D074D365624}.Release|Any CPU.ActiveCfg = Release|Any CPU
		{DF5EA045-7536-4E14-A727-2D074D365624}.Release|Any CPU.Build.0 = Release|Any CPU
	EndGlobalSection
	GlobalSection(SolutionProperties) = preSolution
		HideSolutionNode = FALSE
	EndGlobalSection
	GlobalSection(ExtensibilityGlobals) = postSolution
		SolutionGuid = {556A3ADF-2A86-41DC-B8F5-097F9DBC812B}
	EndGlobalSection
EndGlobal
